// !$*UTF8*$!
{
	archiveVersion = 1;
	classes = {
	};
	objectVersion = 46;
	objects = {

/* Begin PBXBuildFile section */
		14B0DA211AE13BEA00D0F34B /* main.m in Sources */ = {isa = PBXBuildFile; fileRef = 14B0DA201AE13BEA00D0F34B /* main.m */; };
		14B0DA241AE13BEA00D0F34B /* AppDelegate.m in Sources */ = {isa = PBXBuildFile; fileRef = 14B0DA231AE13BEA00D0F34B /* AppDelegate.m */; };
		14B0DA2A1AE13BEA00D0F34B /* Main.storyboard in Resources */ = {isa = PBXBuildFile; fileRef = 14B0DA281AE13BEA00D0F34B /* Main.storyboard */; };
		14B0DA2C1AE13BEA00D0F34B /* Images.xcassets in Resources */ = {isa = PBXBuildFile; fileRef = 14B0DA2B1AE13BEA00D0F34B /* Images.xcassets */; };
		14B0DA3B1AE13BEA00D0F34B /* WumojaTests.m in Sources */ = {isa = PBXBuildFile; fileRef = 14B0DA3A1AE13BEA00D0F34B /* WumojaTests.m */; };
		14B0DA461AE14F0A00D0F34B /* WuViewController.m in Sources */ = {isa = PBXBuildFile; fileRef = 14B0DA451AE14F0A00D0F34B /* WuViewController.m */; };
		FBF6ED6C7522E25A9946B8B6 /* libPods.a in Frameworks */ = {isa = PBXBuildFile; fileRef = CBC4CFA2BE0233AC009E8640 /* libPods.a */; };
/* End PBXBuildFile section */

/* Begin PBXContainerItemProxy section */
		14B0DA351AE13BEA00D0F34B /* PBXContainerItemProxy */ = {
			isa = PBXContainerItemProxy;
			containerPortal = 14B0DA131AE13BEA00D0F34B /* Project object */;
			proxyType = 1;
			remoteGlobalIDString = 14B0DA1A1AE13BEA00D0F34B;
			remoteInfo = Wumoja;
		};
/* End PBXContainerItemProxy section */

/* Begin PBXFileReference section */
		14B0DA1B1AE13BEA00D0F34B /* Wumoja.app */ = {isa = PBXFileReference; explicitFileType = wrapper.application; includeInIndex = 0; path = Wumoja.app; sourceTree = BUILT_PRODUCTS_DIR; };
		14B0DA1F1AE13BEA00D0F34B /* Info.plist */ = {isa = PBXFileReference; lastKnownFileType = text.plist.xml; path = Info.plist; sourceTree = "<group>"; };
		14B0DA201AE13BEA00D0F34B /* main.m */ = {isa = PBXFileReference; lastKnownFileType = sourcecode.c.objc; path = main.m; sourceTree = "<group>"; };
		14B0DA221AE13BEA00D0F34B /* AppDelegate.h */ = {isa = PBXFileReference; lastKnownFileType = sourcecode.c.h; path = AppDelegate.h; sourceTree = "<group>"; };
		14B0DA231AE13BEA00D0F34B /* AppDelegate.m */ = {isa = PBXFileReference; lastKnownFileType = sourcecode.c.objc; path = AppDelegate.m; sourceTree = "<group>"; };
		14B0DA291AE13BEA00D0F34B /* Base */ = {isa = PBXFileReference; lastKnownFileType = file.storyboard; name = Base; path = Base.lproj/Main.storyboard; sourceTree = "<group>"; };
		14B0DA2B1AE13BEA00D0F34B /* Images.xcassets */ = {isa = PBXFileReference; lastKnownFileType = folder.assetcatalog; path = Images.xcassets; sourceTree = "<group>"; };
		14B0DA341AE13BEA00D0F34B /* WumojaTests.xctest */ = {isa = PBXFileReference; explicitFileType = wrapper.cfbundle; includeInIndex = 0; path = WumojaTests.xctest; sourceTree = BUILT_PRODUCTS_DIR; };
		14B0DA391AE13BEA00D0F34B /* Info.plist */ = {isa = PBXFileReference; lastKnownFileType = text.plist.xml; path = Info.plist; sourceTree = "<group>"; };
		14B0DA3A1AE13BEA00D0F34B /* WumojaTests.m */ = {isa = PBXFileReference; lastKnownFileType = sourcecode.c.objc; path = WumojaTests.m; sourceTree = "<group>"; };
		14B0DA441AE14F0A00D0F34B /* WuViewController.h */ = {isa = PBXFileReference; fileEncoding = 4; lastKnownFileType = sourcecode.c.h; name = WuViewController.h; path = ViewControllers/WuViewController.h; sourceTree = "<group>"; };
		14B0DA451AE14F0A00D0F34B /* WuViewController.m */ = {isa = PBXFileReference; fileEncoding = 4; lastKnownFileType = sourcecode.c.objc; name = WuViewController.m; path = ViewControllers/WuViewController.m; sourceTree = "<group>"; };
		2179B6210CD963DA24137D83 /* Pods.release.xcconfig */ = {isa = PBXFileReference; includeInIndex = 1; lastKnownFileType = text.xcconfig; name = Pods.release.xcconfig; path = "Pods/Target Support Files/Pods/Pods.release.xcconfig"; sourceTree = "<group>"; };
		9865C814D805601B2D6350B8 /* Pods.debug.xcconfig */ = {isa = PBXFileReference; includeInIndex = 1; lastKnownFileType = text.xcconfig; name = Pods.debug.xcconfig; path = "Pods/Target Support Files/Pods/Pods.debug.xcconfig"; sourceTree = "<group>"; };
		CBC4CFA2BE0233AC009E8640 /* libPods.a */ = {isa = PBXFileReference; explicitFileType = archive.ar; includeInIndex = 0; path = libPods.a; sourceTree = BUILT_PRODUCTS_DIR; };
/* End PBXFileReference section */

/* Begin PBXFrameworksBuildPhase section */
		14B0DA181AE13BEA00D0F34B /* Frameworks */ = {
			isa = PBXFrameworksBuildPhase;
			buildActionMask = 2147483647;
			files = (
				FBF6ED6C7522E25A9946B8B6 /* libPods.a in Frameworks */,
			);
			runOnlyForDeploymentPostprocessing = 0;
		};
		14B0DA311AE13BEA00D0F34B /* Frameworks */ = {
			isa = PBXFrameworksBuildPhase;
			buildActionMask = 2147483647;
			files = (
			);
			runOnlyForDeploymentPostprocessing = 0;
		};
/* End PBXFrameworksBuildPhase section */

/* Begin PBXGroup section */
		14B0DA121AE13BEA00D0F34B = {
			isa = PBXGroup;
			children = (
				14B0DA1D1AE13BEA00D0F34B /* Wumoja */,
				14B0DA371AE13BEA00D0F34B /* WumojaTests */,
				14B0DA1C1AE13BEA00D0F34B /* Products */,
				7DCEB7AEA6F8A12D9495A219 /* Pods */,
				DCB50CECDC8CF48625857ACA /* Frameworks */,
			);
			sourceTree = "<group>";
		};
		14B0DA1C1AE13BEA00D0F34B /* Products */ = {
			isa = PBXGroup;
			children = (
				14B0DA1B1AE13BEA00D0F34B /* Wumoja.app */,
				14B0DA341AE13BEA00D0F34B /* WumojaTests.xctest */,
			);
			name = Products;
			sourceTree = "<group>";
		};
		14B0DA1D1AE13BEA00D0F34B /* Wumoja */ = {
			isa = PBXGroup;
			children = (
				14B0DA221AE13BEA00D0F34B /* AppDelegate.h */,
				14B0DA231AE13BEA00D0F34B /* AppDelegate.m */,
				14B0DA441AE14F0A00D0F34B /* WuViewController.h */,
				14B0DA451AE14F0A00D0F34B /* WuViewController.m */,
				14B0DA281AE13BEA00D0F34B /* Main.storyboard */,
				14B0DA2B1AE13BEA00D0F34B /* Images.xcassets */,
				14B0DA1E1AE13BEA00D0F34B /* Supporting Files */,
			);
			path = Wumoja;
			sourceTree = "<group>";
		};
		14B0DA1E1AE13BEA00D0F34B /* Supporting Files */ = {
			isa = PBXGroup;
			children = (
				14B0DA1F1AE13BEA00D0F34B /* Info.plist */,
				14B0DA201AE13BEA00D0F34B /* main.m */,
			);
			name = "Supporting Files";
			sourceTree = "<group>";
		};
		14B0DA371AE13BEA00D0F34B /* WumojaTests */ = {
			isa = PBXGroup;
			children = (
				14B0DA3A1AE13BEA00D0F34B /* WumojaTests.m */,
				14B0DA381AE13BEA00D0F34B /* Supporting Files */,
			);
			path = WumojaTests;
			sourceTree = "<group>";
		};
		14B0DA381AE13BEA00D0F34B /* Supporting Files */ = {
			isa = PBXGroup;
			children = (
				14B0DA391AE13BEA00D0F34B /* Info.plist */,
			);
			name = "Supporting Files";
			sourceTree = "<group>";
		};
		7DCEB7AEA6F8A12D9495A219 /* Pods */ = {
			isa = PBXGroup;
			children = (
				9865C814D805601B2D6350B8 /* Pods.debug.xcconfig */,
				2179B6210CD963DA24137D83 /* Pods.release.xcconfig */,
			);
			name = Pods;
			sourceTree = "<group>";
		};
		DCB50CECDC8CF48625857ACA /* Frameworks */ = {
			isa = PBXGroup;
			children = (
				CBC4CFA2BE0233AC009E8640 /* libPods.a */,
			);
			name = Frameworks;
			sourceTree = "<group>";
		};
/* End PBXGroup section */

/* Begin PBXNativeTarget section */
		14B0DA1A1AE13BEA00D0F34B /* Wumoja */ = {
			isa = PBXNativeTarget;
			buildConfigurationList = 14B0DA3E1AE13BEA00D0F34B /* Build configuration list for PBXNativeTarget "Wumoja" */;
			buildPhases = (
				ADCE9188B94797AB1F837B4C /* Check Pods Manifest.lock */,
				14B0DA171AE13BEA00D0F34B /* Sources */,
				14B0DA181AE13BEA00D0F34B /* Frameworks */,
				14B0DA191AE13BEA00D0F34B /* Resources */,
				544B104874871EF732C983EE /* Copy Pods Resources */,
			);
			buildRules = (
			);
			dependencies = (
			);
			name = Wumoja;
			productName = Wumoja;
			productReference = 14B0DA1B1AE13BEA00D0F34B /* Wumoja.app */;
			productType = "com.apple.product-type.application";
		};
		14B0DA331AE13BEA00D0F34B /* WumojaTests */ = {
			isa = PBXNativeTarget;
			buildConfigurationList = 14B0DA411AE13BEA00D0F34B /* Build configuration list for PBXNativeTarget "WumojaTests" */;
			buildPhases = (
				14B0DA301AE13BEA00D0F34B /* Sources */,
				14B0DA311AE13BEA00D0F34B /* Frameworks */,
				14B0DA321AE13BEA00D0F34B /* Resources */,
			);
			buildRules = (
			);
			dependencies = (
				14B0DA361AE13BEA00D0F34B /* PBXTargetDependency */,
			);
			name = WumojaTests;
			productName = WumojaTests;
			productReference = 14B0DA341AE13BEA00D0F34B /* WumojaTests.xctest */;
			productType = "com.apple.product-type.bundle.unit-test";
		};
/* End PBXNativeTarget section */

/* Begin PBXProject section */
		14B0DA131AE13BEA00D0F34B /* Project object */ = {
			isa = PBXProject;
			attributes = {
				LastUpgradeCheck = 0630;
				ORGANIZATIONNAME = mohamedali;
				TargetAttributes = {
					14B0DA1A1AE13BEA00D0F34B = {
						CreatedOnToolsVersion = 6.3;
					};
					14B0DA331AE13BEA00D0F34B = {
						CreatedOnToolsVersion = 6.3;
						TestTargetID = 14B0DA1A1AE13BEA00D0F34B;
					};
				};
			};
			buildConfigurationList = 14B0DA161AE13BEA00D0F34B /* Build configuration list for PBXProject "Wumoja" */;
			compatibilityVersion = "Xcode 3.2";
			developmentRegion = English;
			hasScannedForEncodings = 0;
			knownRegions = (
				en,
				Base,
			);
			mainGroup = 14B0DA121AE13BEA00D0F34B;
			productRefGroup = 14B0DA1C1AE13BEA00D0F34B /* Products */;
			projectDirPath = "";
			projectRoot = "";
			targets = (
				14B0DA1A1AE13BEA00D0F34B /* Wumoja */,
				14B0DA331AE13BEA00D0F34B /* WumojaTests */,
			);
		};
/* End PBXProject section */

/* Begin PBXResourcesBuildPhase section */
		14B0DA191AE13BEA00D0F34B /* Resources */ = {
			isa = PBXResourcesBuildPhase;
			buildActionMask = 2147483647;
			files = (
				14B0DA2A1AE13BEA00D0F34B /* Main.storyboard in Resources */,
				14B0DA2C1AE13BEA00D0F34B /* Images.xcassets in Resources */,
			);
			runOnlyForDeploymentPostprocessing = 0;
		};
		14B0DA321AE13BEA00D0F34B /* Resources */ = {
			isa = PBXResourcesBuildPhase;
			buildActionMask = 2147483647;
			files = (
			);
			runOnlyForDeploymentPostprocessing = 0;
		};
/* End PBXResourcesBuildPhase section */

/* Begin PBXShellScriptBuildPhase section */
		544B104874871EF732C983EE /* Copy Pods Resources */ = {
			isa = PBXShellScriptBuildPhase;
			buildActionMask = 2147483647;
			files = (
			);
			inputPaths = (
			);
			name = "Copy Pods Resources";
			outputPaths = (
			);
			runOnlyForDeploymentPostprocessing = 0;
			shellPath = /bin/sh;
			shellScript = "\"${SRCROOT}/Pods/Target Support Files/Pods/Pods-resources.sh\"\n";
			showEnvVarsInLog = 0;
		};
		ADCE9188B94797AB1F837B4C /* Check Pods Manifest.lock */ = {
			isa = PBXShellScriptBuildPhase;
			buildActionMask = 2147483647;
			files = (
			);
			inputPaths = (
			);
			name = "Check Pods Manifest.lock";
			outputPaths = (
			);
			runOnlyForDeploymentPostprocessing = 0;
			shellPath = /bin/sh;
			shellScript = "diff \"${PODS_ROOT}/../Podfile.lock\" \"${PODS_ROOT}/Manifest.lock\" > /dev/null\nif [[ $? != 0 ]] ; then\n    cat << EOM\nerror: The sandbox is not in sync with the Podfile.lock. Run 'pod install' or update your CocoaPods installation.\nEOM\n    exit 1\nfi\n";
			showEnvVarsInLog = 0;
		};
/* End PBXShellScriptBuildPhase section */

/* Begin PBXSourcesBuildPhase section */
		14B0DA171AE13BEA00D0F34B /* Sources */ = {
			isa = PBXSourcesBuildPhase;
			buildActionMask = 2147483647;
			files = (
				14B0DA241AE13BEA00D0F34B /* AppDelegate.m in Sources */,
				14B0DA461AE14F0A00D0F34B /* WuViewController.m in Sources */,
				14B0DA211AE13BEA00D0F34B /* main.m in Sources */,
			);
			runOnlyForDeploymentPostprocessing = 0;
		};
		14B0DA301AE13BEA00D0F34B /* Sources */ = {
			isa = PBXSourcesBuildPhase;
			buildActionMask = 2147483647;
			files = (
				14B0DA3B1AE13BEA00D0F34B /* WumojaTests.m in Sources */,
			);
			runOnlyForDeploymentPostprocessing = 0;
		};
/* End PBXSourcesBuildPhase section */

/* Begin PBXTargetDependency section */
		14B0DA361AE13BEA00D0F34B /* PBXTargetDependency */ = {
			isa = PBXTargetDependency;
			target = 14B0DA1A1AE13BEA00D0F34B /* Wumoja */;
			targetProxy = 14B0DA351AE13BEA00D0F34B /* PBXContainerItemProxy */;
		};
/* End PBXTargetDependency section */

/* Begin PBXVariantGroup section */
		14B0DA281AE13BEA00D0F34B /* Main.storyboard */ = {
			isa = PBXVariantGroup;
			children = (
				14B0DA291AE13BEA00D0F34B /* Base */,
			);
			name = Main.storyboard;
			sourceTree = "<group>";
		};
/* End PBXVariantGroup section */

/* Begin XCBuildConfiguration section */
		14B0DA3C1AE13BEA00D0F34B /* Debug */ = {
			isa = XCBuildConfiguration;
			buildSettings = {
				ALWAYS_SEARCH_USER_PATHS = NO;
				CLANG_CXX_LANGUAGE_STANDARD = "gnu++0x";
				CLANG_CXX_LIBRARY = "libc++";
				CLANG_ENABLE_MODULES = YES;
				CLANG_ENABLE_OBJC_ARC = YES;
				CLANG_WARN_BOOL_CONVERSION = YES;
				CLANG_WARN_CONSTANT_CONVERSION = YES;
				CLANG_WARN_DIRECT_OBJC_ISA_USAGE = YES_ERROR;
				CLANG_WARN_EMPTY_BODY = YES;
				CLANG_WARN_ENUM_CONVERSION = YES;
				CLANG_WARN_INT_CONVERSION = YES;
				CLANG_WARN_OBJC_ROOT_CLASS = YES_ERROR;
				CLANG_WARN_UNREACHABLE_CODE = YES;
				CLANG_WARN__DUPLICATE_METHOD_MATCH = YES;
				"CODE_SIGN_IDENTITY[sdk=iphoneos*]" = "iPhone Developer";
				COPY_PHASE_STRIP = NO;
				DEBUG_INFORMATION_FORMAT = "dwarf-with-dsym";
				ENABLE_STRICT_OBJC_MSGSEND = YES;
				GCC_C_LANGUAGE_STANDARD = gnu99;
				GCC_DYNAMIC_NO_PIC = NO;
				GCC_NO_COMMON_BLOCKS = YES;
				GCC_OPTIMIZATION_LEVEL = 0;
				GCC_PREPROCESSOR_DEFINITIONS = (
					"DEBUG=1",
					"$(inherited)",
				);
				GCC_SYMBOLS_PRIVATE_EXTERN = NO;
				GCC_WARN_64_TO_32_BIT_CONVERSION = YES;
				GCC_WARN_ABOUT_RETURN_TYPE = YES_ERROR;
				GCC_WARN_UNDECLARED_SELECTOR = YES;
				GCC_WARN_UNINITIALIZED_AUTOS = YES_AGGRESSIVE;
				GCC_WARN_UNUSED_FUNCTION = YES;
				GCC_WARN_UNUSED_VARIABLE = YES;
				IPHONEOS_DEPLOYMENT_TARGET = 8.3;
				MTL_ENABLE_DEBUG_INFO = YES;
				ONLY_ACTIVE_ARCH = YES;
				SDKROOT = iphoneos;
			};
			name = Debug;
		};
		14B0DA3D1AE13BEA00D0F34B /* Release */ = {
			isa = XCBuildConfiguration;
			buildSettings = {
				ALWAYS_SEARCH_USER_PATHS = NO;
				CLANG_CXX_LANGUAGE_STANDARD = "gnu++0x";
				CLANG_CXX_LIBRARY = "libc++";
				CLANG_ENABLE_MODULES = YES;
				CLANG_ENABLE_OBJC_ARC = YES;
				CLANG_WARN_BOOL_CONVERSION = YES;
				CLANG_WARN_CONSTANT_CONVERSION = YES;
				CLANG_WARN_DIRECT_OBJC_ISA_USAGE = YES_ERROR;
				CLANG_WARN_EMPTY_BODY = YES;
				CLANG_WARN_ENUM_CONVERSION = YES;
				CLANG_WARN_INT_CONVERSION = YES;
				CLANG_WARN_OBJC_ROOT_CLASS = YES_ERROR;
				CLANG_WARN_UNREACHABLE_CODE = YES;
				CLANG_WARN__DUPLICATE_METHOD_MATCH = YES;
				"CODE_SIGN_IDENTITY[sdk=iphoneos*]" = "iPhone Developer";
				COPY_PHASE_STRIP = NO;
				DEBUG_INFORMATION_FORMAT = "dwarf-with-dsym";
				ENABLE_NS_ASSERTIONS = NO;
				ENABLE_STRICT_OBJC_MSGSEND = YES;
				GCC_C_LANGUAGE_STANDARD = gnu99;
				GCC_NO_COMMON_BLOCKS = YES;
				GCC_WARN_64_TO_32_BIT_CONVERSION = YES;
				GCC_WARN_ABOUT_RETURN_TYPE = YES_ERROR;
				GCC_WARN_UNDECLARED_SELECTOR = YES;
				GCC_WARN_UNINITIALIZED_AUTOS = YES_AGGRESSIVE;
				GCC_WARN_UNUSED_FUNCTION = YES;
				GCC_WARN_UNUSED_VARIABLE = YES;
				IPHONEOS_DEPLOYMENT_TARGET = 8.3;
				MTL_ENABLE_DEBUG_INFO = NO;
				SDKROOT = iphoneos;
				VALIDATE_PRODUCT = YES;
			};
			name = Release;
		};
		14B0DA3F1AE13BEA00D0F34B /* Debug */ = {
			isa = XCBuildConfiguration;
			baseConfigurationReference = 9865C814D805601B2D6350B8 /* Pods.debug.xcconfig */;
			buildSettings = {
				ASSETCATALOG_COMPILER_APPICON_NAME = AppIcon;
				INFOPLIST_FILE = Wumoja/Info.plist;
				LD_RUNPATH_SEARCH_PATHS = "$(inherited) @executable_path/Frameworks";
				PRODUCT_NAME = "$(TARGET_NAME)";
			};
			name = Debug;
		};
		14B0DA401AE13BEA00D0F34B /* Release */ = {
			isa = XCBuildConfiguration;
			baseConfigurationReference = 2179B6210CD963DA24137D83 /* Pods.release.xcconfig */;
			buildSettings = {
				ASSETCATALOG_COMPILER_APPICON_NAME = AppIcon;
				INFOPLIST_FILE = Wumoja/Info.plist;
				LD_RUNPATH_SEARCH_PATHS = "$(inherited) @executable_path/Frameworks";
				PRODUCT_NAME = "$(TARGET_NAME)";
			};
			name = Release;
		};
		14B0DA421AE13BEA00D0F34B /* Debug */ = {
			isa = XCBuildConfiguration;
			buildSettings = {
				BUNDLE_LOADER = "$(TEST_HOST)";
				FRAMEWORK_SEARCH_PATHS = (
					"$(SDKROOT)/Developer/Library/Frameworks",
					"$(inherited)",
				);
				GCC_PREPROCESSOR_DEFINITIONS = (
					"DEBUG=1",
					"$(inherited)",
				);
				INFOPLIST_FILE = WumojaTests/Info.plist;
				LD_RUNPATH_SEARCH_PATHS = "$(inherited) @executable_path/Frameworks @loader_path/Frameworks";
				PRODUCT_NAME = "$(TARGET_NAME)";
				TEST_HOST = "$(BUILT_PRODUCTS_DIR)/Wumoja.app/Wumoja";
			};
			name = Debug;
		};
		14B0DA431AE13BEA00D0F34B /* Release */ = {
			isa = XCBuildConfiguration;
			buildSettings = {
				BUNDLE_LOADER = "$(TEST_HOST)";
				FRAMEWORK_SEARCH_PATHS = (
					"$(SDKROOT)/Developer/Library/Frameworks",
					"$(inherited)",
				);
				INFOPLIST_FILE = WumojaTests/Info.plist;
				LD_RUNPATH_SEARCH_PATHS = "$(inherited) @executable_path/Frameworks @loader_path/Frameworks";
				PRODUCT_NAME = "$(TARGET_NAME)";
				TEST_HOST = "$(BUILT_PRODUCTS_DIR)/Wumoja.app/Wumoja";
			};
			name = Release;
		};
/* End XCBuildConfiguration section */

/* Begin XCConfigurationList section */
		14B0DA161AE13BEA00D0F34B /* Build configuration list for PBXProject "Wumoja" */ = {
			isa = XCConfigurationList;
			buildConfigurations = (
				14B0DA3C1AE13BEA00D0F34B /* Debug */,
				14B0DA3D1AE13BEA00D0F34B /* Release */,
			);
			defaultConfigurationIsVisible = 0;
			defaultConfigurationName = Release;
		};
		14B0DA3E1AE13BEA00D0F34B /* Build configuration list for PBXNativeTarget "Wumoja" */ = {
			isa = XCConfigurationList;
			buildConfigurations = (
				14B0DA3F1AE13BEA00D0F34B /* Debug */,
				14B0DA401AE13BEA00D0F34B /* Release */,
			);
			defaultConfigurationIsVisible = 0;
			defaultConfigurationName = Release;
		};
		14B0DA411AE13BEA00D0F34B /* Build configuration list for PBXNativeTarget "WumojaTests" */ = {
			isa = XCConfigurationList;
			buildConfigurations = (
				14B0DA421AE13BEA00D0F34B /* Debug */,
				14B0DA431AE13BEA00D0F34B /* Release */,
			);
			defaultConfigurationIsVisible = 0;
			defaultConfigurationName = Release;
		};
/* End XCConfigurationList section */
	};
	rootObject = 14B0DA131AE13BEA00D0F34B /* Project object */;
}
